
Microsoft Visual Studio Solution File, Format Version 12.00
# Visual Studio Version 17
VisualStudioVersion = 17.14.36119.2 d17.14
MinimumVisualStudioVersion = 10.0.40219.1
Project("{FAE04EC0-301F-11D3-BF4B-00C04F79EFBC}") = "listeuygulamam", "listeuygulamam\listeuygulamam.csproj", "{381AC8D3-F8B7-45D2-9B36-92B5D294CB27}"
EndProject
Global
	GlobalSection(SolutionConfigurationPlatforms) = preSolution
		Debug|Any CPU = Debug|Any CPU
		Release|Any CPU = Release|Any CPU
	EndGlobalSection
	GlobalSection(ProjectConfigurationPlatforms) = postSolution
		{381AC8D3-F8B7-45D2-9B36-92B5D294CB27}.Debug|Any CPU.ActiveCfg = Debug|Any CPU
		{381AC8D3-F8B7-45D2-9B36-92B5D294CB27}.Debug|Any CPU.Build.0 = Debug|Any CPU
		{381AC8D3-F8B7-45D2-9B36-92B5D294CB27}.Release|Any CPU.ActiveCfg = Release|Any CPU
		{381AC8D3-F8B7-45D2-9B36-92B5D294CB27}.Release|Any CPU.Build.0 = Release|Any CPU
	EndGlobalSection
	GlobalSection(SolutionProperties) = preSolution
		HideSolutionNode = FALSE
	EndGlobalSection
	GlobalSection(ExtensibilityGlobals) = postSolution
		SolutionGuid = {9466BD6E-1F1C-4528-AB14-4CE49736601D}
	EndGlobalSection
EndGlobal
